// !$*UTF8*$!
{
	archiveVersion = 1;
	classes = {
	};
	objectVersion = 50;
	objects = {

/* Begin PBXBuildFile section */
		29ED30D520BF643300E8D5B1 /* AppDelegate.swift in Sources */ = {isa = PBXBuildFile; fileRef = 29ED30D420BF643300E8D5B1 /* AppDelegate.swift */; };
		29ED30D720BF643300E8D5B1 /* ViewController.swift in Sources */ = {isa = PBXBuildFile; fileRef = 29ED30D620BF643300E8D5B1 /* ViewController.swift */; };
		29ED30DA20BF643300E8D5B1 /* Main.storyboard in Resources */ = {isa = PBXBuildFile; fileRef = 29ED30D820BF643300E8D5B1 /* Main.storyboard */; };
		29ED30DC20BF643500E8D5B1 /* Assets.xcassets in Resources */ = {isa = PBXBuildFile; fileRef = 29ED30DB20BF643500E8D5B1 /* Assets.xcassets */; };
		29ED30DF20BF643500E8D5B1 /* LaunchScreen.storyboard in Resources */ = {isa = PBXBuildFile; fileRef = 29ED30DD20BF643500E8D5B1 /* LaunchScreen.storyboard */; };
		29ED30E720BF66AA00E8D5B1 /* Inceptionv3.mlmodel in Sources */ = {isa = PBXBuildFile; fileRef = 29ED30E620BF66AA00E8D5B1 /* Inceptionv3.mlmodel */; };
/* End PBXBuildFile section */

/* Begin PBXFileReference section */
		29C1419D20C035F10086DE93 /* README.md */ = {isa = PBXFileReference; lastKnownFileType = net.daringfireball.markdown; path = README.md; sourceTree = "<group>"; };
		29ED30D120BF643300E8D5B1 /* ImageClassificationARkitCoreML.app */ = {isa = PBXFileReference; explicitFileType = wrapper.application; includeInIndex = 0; path = ImageClassificationARkitCoreML.app; sourceTree = BUILT_PRODUCTS_DIR; };
		29ED30D420BF643300E8D5B1 /* AppDelegate.swift */ = {isa = PBXFileReference; lastKnownFileType = sourcecode.swift; path = AppDelegate.swift; sourceTree = "<group>"; };
		29ED30D620BF643300E8D5B1 /* ViewController.swift */ = {isa = PBXFileReference; lastKnownFileType = sourcecode.swift; path = ViewController.swift; sourceTree = "<group>"; };
		29ED30D920BF643300E8D5B1 /* Base */ = {isa = PBXFileReference; lastKnownFileType = file.storyboard; name = Base; path = Base.lproj/Main.storyboard; sourceTree = "<group>"; };
		29ED30DB20BF643500E8D5B1 /* Assets.xcassets */ = {isa = PBXFileReference; lastKnownFileType = folder.assetcatalog; path = Assets.xcassets; sourceTree = "<group>"; };
		29ED30DE20BF643500E8D5B1 /* Base */ = {isa = PBXFileReference; lastKnownFileType = file.storyboard; name = Base; path = Base.lproj/LaunchScreen.storyboard; sourceTree = "<group>"; };
		29ED30E020BF643500E8D5B1 /* Info.plist */ = {isa = PBXFileReference; lastKnownFileType = text.plist.xml; path = Info.plist; sourceTree = "<group>"; };
		29ED30E620BF66AA00E8D5B1 /* Inceptionv3.mlmodel */ = {isa = PBXFileReference; lastKnownFileType = file.mlmodel; path = Inceptionv3.mlmodel; sourceTree = "<group>"; };
/* End PBXFileReference section */

/* Begin PBXFrameworksBuildPhase section */
		29ED30CE20BF643300E8D5B1 /* Frameworks */ = {
			isa = PBXFrameworksBuildPhase;
			buildActionMask = 2147483647;
			files = (
			);
			runOnlyForDeploymentPostprocessing = 0;
		};
/* End PBXFrameworksBuildPhase section */

/* Begin PBXGroup section */
		29ED30C820BF643300E8D5B1 = {
			isa = PBXGroup;
			children = (
				29ED30D320BF643300E8D5B1 /* ImageClassificationARkitCoreML */,
				29ED30D220BF643300E8D5B1 /* Products */,
			);
			sourceTree = "<group>";
		};
		29ED30D220BF643300E8D5B1 /* Products */ = {
			isa = PBXGroup;
			children = (
				29ED30D120BF643300E8D5B1 /* ImageClassificationARkitCoreML.app */,
			);
			name = Products;
			sourceTree = "<group>";
		};
		29ED30D320BF643300E8D5B1 /* ImageClassificationARkitCoreML */ = {
			isa = PBXGroup;
			children = (
				29ED30D420BF643300E8D5B1 /* AppDelegate.swift */,
				29ED30D620BF643300E8D5B1 /* ViewController.swift */,
				29ED30D820BF643300E8D5B1 /* Main.storyboard */,
				29ED30DB20BF643500E8D5B1 /* Assets.xcassets */,
				29ED30DD20BF643500E8D5B1 /* LaunchScreen.storyboard */,
				29ED30E620BF66AA00E8D5B1 /* Inceptionv3.mlmodel */,
				29ED30E020BF643500E8D5B1 /* Info.plist */,
				29C1419D20C035F10086DE93 /* README.md */,
			);
			path = ImageClassificationARkitCoreML;
			sourceTree = "<group>";
		};
/* End PBXGroup section */

/* Begin PBXNativeTarget section */
		29ED30D020BF643300E8D5B1 /* ImageClassificationARkitCoreML */ = {
			isa = PBXNativeTarget;
			buildConfigurationList = 29ED30E320BF643500E8D5B1 /* Build configuration list for PBXNativeTarget "ImageClassificationARkitCoreML" */;
			buildPhases = (
				29ED30CD20BF643300E8D5B1 /* Sources */,
				29ED30CE20BF643300E8D5B1 /* Frameworks */,
				29ED30CF20BF643300E8D5B1 /* Resources */,
			);
			buildRules = (
			);
			dependencies = (
			);
			name = ImageClassificationARkitCoreML;
			productName = ImageClassificationARkitCoreML;
			productReference = 29ED30D120BF643300E8D5B1 /* ImageClassificationARkitCoreML.app */;
			productType = "com.apple.product-type.application";
		};
/* End PBXNativeTarget section */

/* Begin PBXProject section */
		29ED30C920BF643300E8D5B1 /* Project object */ = {
			isa = PBXProject;
			attributes = {
				LastSwiftUpdateCheck = 0930;
				LastUpgradeCheck = 0930;
				ORGANIZATIONNAME = "Martin Saporiti";
				TargetAttributes = {
					29ED30D020BF643300E8D5B1 = {
						CreatedOnToolsVersion = 9.3;
					};
				};
			};
			buildConfigurationList = 29ED30CC20BF643300E8D5B1 /* Build configuration list for PBXProject "ImageClassificationARkitCoreML" */;
			compatibilityVersion = "Xcode 9.3";
			developmentRegion = en;
			hasScannedForEncodings = 0;
			knownRegions = (
				en,
				Base,
			);
			mainGroup = 29ED30C820BF643300E8D5B1;
			productRefGroup = 29ED30D220BF643300E8D5B1 /* Products */;
			projectDirPath = "";
			projectRoot = "";
			targets = (
				29ED30D020BF643300E8D5B1 /* ImageClassificationARkitCoreML */,
			);
		};
/* End PBXProject section */

/* Begin PBXResourcesBuildPhase section */
		29ED30CF20BF643300E8D5B1 /* Resources */ = {
			isa = PBXResourcesBuildPhase;
			buildActionMask = 2147483647;
			files = (
				29ED30DF20BF643500E8D5B1 /* LaunchScreen.storyboard in Resources */,
				29ED30DC20BF643500E8D5B1 /* Assets.xcassets in Resources */,
				29ED30DA20BF643300E8D5B1 /* Main.storyboard in Resources */,
			);
			runOnlyForDeploymentPostprocessing = 0;
		};
/* End PBXResourcesBuildPhase section */

/* Begin PBXSourcesBuildPhase section */
		29ED30CD20BF643300E8D5B1 /* Sources */ = {
			isa = PBXSourcesBuildPhase;
			buildActionMask = 2147483647;
			files = (
				29ED30D720BF643300E8D5B1 /* ViewController.swift in Sources */,
				29ED30E720BF66AA00E8D5B1 /* Inceptionv3.mlmodel in Sources */,
				29ED30D520BF643300E8D5B1 /* AppDelegate.swift in Sources */,
			);
			runOnlyForDeploymentPostprocessing = 0;
		};
/* End PBXSourcesBuildPhase section */

/* Begin PBXVariantGroup section */
		29ED30D820BF643300E8D5B1 /* Main.storyboard */ = {
			isa = PBXVariantGroup;
			children = (
				29ED30D920BF643300E8D5B1 /* Base */,
			);
			name = Main.storyboard;
			sourceTree = "<group>";
		};
		29ED30DD20BF643500E8D5B1 /* LaunchScreen.storyboard */ = {
			isa = PBXVariantGroup;
			children = (
				29ED30DE20BF643500E8D5B1 /* Base */,
			);
			name = LaunchScreen.storyboard;
			sourceTree = "<group>";
		};
/* End PBXVariantGroup section */

/* Begin XCBuildConfiguration section */
		29ED30E120BF643500E8D5B1 /* Debug */ = {
			isa = XCBuildConfiguration;
			buildSettings = {
				ALWAYS_SEARCH_USER_PATHS = NO;
				CLANG_ANALYZER_NONNULL = YES;
				CLANG_ANALYZER_NUMBER_OBJECT_CONVERSION = YES_AGGRESSIVE;
				CLANG_CXX_LANGUAGE_STANDARD = "gnu++14";
				CLANG_CXX_LIBRARY = "libc++";
				CLANG_ENABLE_MODULES = YES;
				CLANG_ENABLE_OBJC_ARC = YES;
				CLANG_ENABLE_OBJC_WEAK = YES;
				CLANG_WARN_BLOCK_CAPTURE_AUTORELEASING = YES;
				CLANG_WARN_BOOL_CONVERSION = YES;
				CLANG_WARN_COMMA = YES;
				CLANG_WARN_CONSTANT_CONVERSION = YES;
				CLANG_WARN_DEPRECATED_OBJC_IMPLEMENTATIONS = YES;
				CLANG_WARN_DIRECT_OBJC_ISA_USAGE = YES_ERROR;
				CLANG_WARN_DOCUMENTATION_COMMENTS = YES;
				CLANG_WARN_EMPTY_BODY = YES;
				CLANG_WARN_ENUM_CONVERSION = YES;
				CLANG_WARN_INFINITE_RECURSION = YES;
				CLANG_WARN_INT_CONVERSION = YES;
				CLANG_WARN_NON_LITERAL_NULL_CONVERSION = YES;
				CLANG_WARN_OBJC_IMPLICIT_RETAIN_SELF = YES;
				CLANG_WARN_OBJC_LITERAL_CONVERSION = YES;
				CLANG_WARN_OBJC_ROOT_CLASS = YES_ERROR;
				CLANG_WARN_RANGE_LOOP_ANALYSIS = YES;
				CLANG_WARN_STRICT_PROTOTYPES = YES;
				CLANG_WARN_SUSPICIOUS_MOVE = YES;
				CLANG_WARN_UNGUARDED_AVAILABILITY = YES_AGGRESSIVE;
				CLANG_WARN_UNREACHABLE_CODE = YES;
				CLANG_WARN__DUPLICATE_METHOD_MATCH = YES;
				CODE_SIGN_IDENTITY = "iPhone Developer";
				COPY_PHASE_STRIP = NO;
				DEBUG_INFORMATION_FORMAT = dwarf;
				ENABLE_STRICT_OBJC_MSGSEND = YES;
				ENABLE_TESTABILITY = YES;
				GCC_C_LANGUAGE_STANDARD = gnu11;
				GCC_DYNAMIC_NO_PIC = NO;
				GCC_NO_COMMON_BLOCKS = YES;
				GCC_OPTIMIZATION_LEVEL = 0;
				GCC_PREPROCESSOR_DEFINITIONS = (
					"DEBUG=1",
					"$(inherited)",
				);
				GCC_WARN_64_TO_32_BIT_CONVERSION = YES;
				GCC_WARN_ABOUT_RETURN_TYPE = YES_ERROR;
				GCC_WARN_UNDECLARED_SELECTOR = YES;
				GCC_WARN_UNINITIALIZED_AUTOS = YES_AGGRESSIVE;
				GCC_WARN_UNUSED_FUNCTION = YES;
				GCC_WARN_UNUSED_VARIABLE = YES;
				IPHONEOS_DEPLOYMENT_TARGET = 11.3;
				MTL_ENABLE_DEBUG_INFO = YES;
				ONLY_ACTIVE_ARCH = YES;
				SDKROOT = iphoneos;
				SWIFT_ACTIVE_COMPILATION_CONDITIONS = DEBUG;
				SWIFT_OPTIMIZATION_LEVEL = "-Onone";
			};
			name = Debug;
		};
		29ED30E220BF643500E8D5B1 /* Release */ = {
			isa = XCBuildConfiguration;
			buildSettings = {
				ALWAYS_SEARCH_USER_PATHS = NO;
				CLANG_ANALYZER_NONNULL = YES;
				CLANG_ANALYZER_NUMBER_OBJECT_CONVERSION = YES_AGGRESSIVE;
				CLANG_CXX_LANGUAGE_STANDARD = "gnu++14";
				CLANG_CXX_LIBRARY = "libc++";
				CLANG_ENABLE_MODULES = YES;
				CLANG_ENABLE_OBJC_ARC = YES;
				CLANG_ENABLE_OBJC_WEAK = YES;
				CLANG_WARN_BLOCK_CAPTURE_AUTORELEASING = YES;
				CLANG_WARN_BOOL_CONVERSION = YES;
				CLANG_WARN_COMMA = YES;
				CLANG_WARN_CONSTANT_CONVERSION = YES;
				CLANG_WARN_DEPRECATED_OBJC_IMPLEMENTATIONS = YES;
				CLANG_WARN_DIRECT_OBJC_ISA_USAGE = YES_ERROR;
				CLANG_WARN_DOCUMENTATION_COMMENTS = YES;
				CLANG_WARN_EMPTY_BODY = YES;
				CLANG_WARN_ENUM_CONVERSION = YES;
				CLANG_WARN_INFINITE_RECURSION = YES;
				CLANG_WARN_INT_CONVERSION = YES;
				CLANG_WARN_NON_LITERAL_NULL_CONVERSION = YES;
				CLANG_WARN_OBJC_IMPLICIT_RETAIN_SELF = YES;
				CLANG_WARN_OBJC_LITERAL_CONVERSION = YES;
				CLANG_WARN_OBJC_ROOT_CLASS = YES_ERROR;
				CLANG_WARN_RANGE_LOOP_ANALYSIS = YES;
				CLANG_WARN_STRICT_PROTOTYPES = YES;
				CLANG_WARN_SUSPICIOUS_MOVE = YES;
				CLANG_WARN_UNGUARDED_AVAILABILITY = YES_AGGRESSIVE;
				CLANG_WARN_UNREACHABLE_CODE = YES;
				CLANG_WARN__DUPLICATE_METHOD_MATCH = YES;
				CODE_SIGN_IDENTITY = "iPhone Developer";
				COPY_PHASE_STRIP = NO;
				DEBUG_INFORMATION_FORMAT = "dwarf-with-dsym";
				ENABLE_NS_ASSERTIONS = NO;
				ENABLE_STRICT_OBJC_MSGSEND = YES;
				GCC_C_LANGUAGE_STANDARD = gnu11;
				GCC_NO_COMMON_BLOCKS = YES;
				GCC_WARN_64_TO_32_BIT_CONVERSION = YES;
				GCC_WARN_ABOUT_RETURN_TYPE = YES_ERROR;
				GCC_WARN_UNDECLARED_SELECTOR = YES;
				GCC_WARN_UNINITIALIZED_AUTOS = YES_AGGRESSIVE;
				GCC_WARN_UNUSED_FUNCTION = YES;
				GCC_WARN_UNUSED_VARIABLE = YES;
				IPHONEOS_DEPLOYMENT_TARGET = 11.3;
				MTL_ENABLE_DEBUG_INFO = NO;
				SDKROOT = iphoneos;
				SWIFT_COMPILATION_MODE = wholemodule;
				SWIFT_OPTIMIZATION_LEVEL = "-O";
				VALIDATE_PRODUCT = YES;
			};
			name = Release;
		};
		29ED30E420BF643500E8D5B1 /* Debug */ = {
			isa = XCBuildConfiguration;
			buildSettings = {
				ASSETCATALOG_COMPILER_APPICON_NAME = AppIcon;
				CODE_SIGN_STYLE = Automatic;
				DEVELOPMENT_TEAM = NZ34D2LM93;
				INFOPLIST_FILE = ImageClassificationARkitCoreML/Info.plist;
				LD_RUNPATH_SEARCH_PATHS = (
					"$(inherited)",
					"@executable_path/Frameworks",
				);
				PRODUCT_BUNDLE_IDENTIFIER = com.fluxit.ImageClassificationARkitCoreML;
				PRODUCT_NAME = "$(TARGET_NAME)";
				SWIFT_VERSION = 4.0;
				TARGETED_DEVICE_FAMILY = "1,2";
			};
			name = Debug;
		};
		29ED30E520BF643500E8D5B1 /* Release */ = {
			isa = XCBuildConfiguration;
			buildSettings = {
				ASSETCATALOG_COMPILER_APPICON_NAME = AppIcon;
				CODE_SIGN_STYLE = Automatic;
				DEVELOPMENT_TEAM = NZ34D2LM93;
				INFOPLIST_FILE = ImageClassificationARkitCoreML/Info.plist;
				LD_RUNPATH_SEARCH_PATHS = (
					"$(inherited)",
					"@executable_path/Frameworks",
				);
				PRODUCT_BUNDLE_IDENTIFIER = com.fluxit.ImageClassificationARkitCoreML;
				PRODUCT_NAME = "$(TARGET_NAME)";
				SWIFT_VERSION = 4.0;
				TARGETED_DEVICE_FAMILY = "1,2";
			};
			name = Release;
		};
/* End XCBuildConfiguration section */

/* Begin XCConfigurationList section */
		29ED30CC20BF643300E8D5B1 /* Build configuration list for PBXProject "ImageClassificationARkitCoreML" */ = {
			isa = XCConfigurationList;
			buildConfigurations = (
				29ED30E120BF643500E8D5B1 /* Debug */,
				29ED30E220BF643500E8D5B1 /* Release */,
			);
			defaultConfigurationIsVisible = 0;
			defaultConfigurationName = Release;
		};
		29ED30E320BF643500E8D5B1 /* Build configuration list for PBXNativeTarget "ImageClassificationARkitCoreML" */ = {
			isa = XCConfigurationList;
			buildConfigurations = (
				29ED30E420BF643500E8D5B1 /* Debug */,
				29ED30E520BF643500E8D5B1 /* Release */,
			);
			defaultConfigurationIsVisible = 0;
			defaultConfigurationName = Release;
		};
/* End XCConfigurationList section */
	};
	rootObject = 29ED30C920BF643300E8D5B1 /* Project object */;
}
